
Microsoft Visual Studio Solution File, Format Version 12.00
# Visual Studio Version 17
VisualStudioVersion = 17.5.002.0
MinimumVisualStudioVersion = 10.0.40219.1
Project("{2150E333-8FDC-42A3-9474-1A3956D46DE8}") = "src", "src", "{CBAF2D29-C961-4430-B55C-E2A0295659E7}"
EndProject
Project("{2150E333-8FDC-42A3-9474-1A3956D46DE8}") = "tests", "tests", "{3C860474-B86B-447D-AAF6-0FBA1704FC2E}"
EndProject
Project("{2150E333-8FDC-42A3-9474-1A3956D46DE8}") = "02-Core", "02-Core", "{FCE58330-E5C6-4C7A-A31A-BAC57F183AC9}"
EndProject
Project("{2150E333-8FDC-42A3-9474-1A3956D46DE8}") = "03-Infrastructure", "03-Infrastructure", "{364E8139-8CAB-493E-8DFD-81A3D371414E}"
EndProject
Project("{2150E333-8FDC-42A3-9474-1A3956D46DE8}") = "05-Presetation", "05-Presetation", "{6F92CCFD-E702-4589-92C5-E9C7C728C52D}"
EndProject
Project("{FAE04EC0-301F-11D3-BF4B-00C04F79EFBC}") = "AtendeLogo.Domain", "src\AtendeLogo.Domain\AtendeLogo.Domain.csproj", "{DB90F0F0-95F5-472A-A414-C16933D61E96}"
EndProject
Project("{FAE04EC0-301F-11D3-BF4B-00C04F79EFBC}") = "AtendeLogo.Common", "src\AtendeLogo.Common\AtendeLogo.Common.csproj", "{BF1B9847-D57A-4481-8B7F-7EFD53A793B4}"
EndProject
Project("{FAE04EC0-301F-11D3-BF4B-00C04F79EFBC}") = "AtendeLogo.Application", "src\AtendeLogo.Application\AtendeLogo.Application.csproj", "{59DA0D87-577F-4AC1-B5DA-3E35B33B957E}"
EndProject
Project("{FAE04EC0-301F-11D3-BF4B-00C04F79EFBC}") = "AtendeLogo.Infrastructure", "src\AtendeLogo.Infrastructure\AtendeLogo.Infrastructure.csproj", "{CA1BED2E-7736-40D6-855B-7B8065966C25}"
EndProject
Project("{FAE04EC0-301F-11D3-BF4B-00C04F79EFBC}") = "AtendeLogo.UseCases", "src\AtendeLogo.UseCases\AtendeLogo.UseCases.csproj", "{D12ADE0C-85F0-4532-9CAC-8D47C7726613}"
EndProject
Project("{FAE04EC0-301F-11D3-BF4B-00C04F79EFBC}") = "AtendeLogo.Persistence.Activity", "src\AtendeLogo.Persistence.Activity\AtendeLogo.Persistence.Activity.csproj", "{CD30F2FA-0E77-466B-95F7-1FC0B98DFA56}"
EndProject
Project("{FAE04EC0-301F-11D3-BF4B-00C04F79EFBC}") = "AtendeLogo.Persistence.Identity", "src\AtendeLogo.Persistence.Identity\AtendeLogo.Persistence.Identity.csproj", "{DD0F15AA-F964-4F18-87E2-A358FE7A9B69}"
EndProject
Project("{FAE04EC0-301F-11D3-BF4B-00C04F79EFBC}") = "AtendeLogo.Api", "src\AtendeLogo.Api\AtendeLogo.Api.csproj", "{8DDC9EBB-B3C5-41B1-A9DF-6B503808D2C2}"
EndProject
Project("{2150E333-8FDC-42A3-9474-1A3956D46DE8}") = "01-Common", "01-Common", "{23271A9F-5748-4F0A-B690-65A43417D400}"
EndProject
Project("{FAE04EC0-301F-11D3-BF4B-00C04F79EFBC}") = "AtendeLogo.SharedKernel", "src\AtendeLogo.SharedKernel\AtendeLogo.SharedKernel.csproj", "{4C702D2B-058E-4888-8767-283BEB035741}"
EndProject
Project("{FAE04EC0-301F-11D3-BF4B-00C04F79EFBC}") = "AtendeLogo.UseCases.Shared", "src\AtendeLogo.UseCases.Shared\AtendeLogo.UseCases.Shared.csproj", "{FBFEAFAB-1B0F-43AB-ABC5-A88FD7F33F08}"
EndProject
Project("{2150E333-8FDC-42A3-9474-1A3956D46DE8}") = "infra", "infra", "{0EC2D31C-7CB0-4E08-BCF5-BC7CE972D7E7}"
EndProject
Project("{E53339B2-1760-4266-BCC7-CA923CBCF16C}") = "docker-compose", "docker-compose.dcproj", "{1FCBE191-34FE-4B2E-8915-CA81553958AD}"
EndProject
Project("{2150E333-8FDC-42A3-9474-1A3956D46DE8}") = "solution-items", "solution-items", "{8AE11B0A-571B-4B13-A89B-B61B13C6E60C}"
	ProjectSection(SolutionItems) = preProject
		.editorconfig = .editorconfig
		.gitignore = .gitignore
	EndProjectSection
EndProject
Project("{FAE04EC0-301F-11D3-BF4B-00C04F79EFBC}") = "AtendeLogo.Common.UnitTests", "tests\AtendeLogo.Common.UnitTests\AtendeLogo.Common.UnitTests.csproj", "{8024E9DA-00B7-45F9-93C0-68182C7C9B6B}"
EndProject
Project("{FAE04EC0-301F-11D3-BF4B-00C04F79EFBC}") = "AtendeLogo.Application.UnitTests", "tests\AtendeLogo.Application.UnitTests\AtendeLogo.Application.UnitTests.csproj", "{87FB7595-8B4A-46C9-AA10-0BA47CCCB5B2}"
EndProject
Project("{2150E333-8FDC-42A3-9474-1A3956D46DE8}") = "04-UseCases", "04-UseCases", "{CCA300F5-7660-4F3D-9414-B3D625BE6485}"
EndProject
Project("{FAE04EC0-301F-11D3-BF4B-00C04F79EFBC}") = "AtendeLogo.ArchitectureTests", "tests\AtendeLogo.ArchitectureTests\AtendeLogo.ArchitectureTests.csproj", "{69E47DA5-FA6C-4F64-B5EF-4A91FD359D56}"
EndProject
Project("{FAE04EC0-301F-11D3-BF4B-00C04F79EFBC}") = "AtendeLogo.Persistence.Common", "src\AtendeLogo.Persistence.Common\AtendeLogo.Persistence.Common.csproj", "{779C7365-BB38-48E2-B9D2-A96864B6766B}"
EndProject
Project("{FAE04EC0-301F-11D3-BF4B-00C04F79EFBC}") = "AtendeLogo.Presentation", "src\AtendeLogo.Presentation\AtendeLogo.Presentation.csproj", "{77013F16-455A-4D14-A133-7BA25AB01AC4}"
EndProject
Project("{FAE04EC0-301F-11D3-BF4B-00C04F79EFBC}") = "AtendeLogo.UseCases.UnitTests", "tests\AtendeLogo.UseCases.UnitTests\AtendeLogo.UseCases.UnitTests.csproj", "{FD4A5037-AF6A-4051-AF58-9CADC0D5767E}"
EndProject
Global
	GlobalSection(SolutionConfigurationPlatforms) = preSolution
		Debug|Any CPU = Debug|Any CPU
		Release|Any CPU = Release|Any CPU
	EndGlobalSection
	GlobalSection(ProjectConfigurationPlatforms) = postSolution
		{DB90F0F0-95F5-472A-A414-C16933D61E96}.Debug|Any CPU.ActiveCfg = Debug|Any CPU
		{DB90F0F0-95F5-472A-A414-C16933D61E96}.Debug|Any CPU.Build.0 = Debug|Any CPU
		{DB90F0F0-95F5-472A-A414-C16933D61E96}.Release|Any CPU.ActiveCfg = Release|Any CPU
		{DB90F0F0-95F5-472A-A414-C16933D61E96}.Release|Any CPU.Build.0 = Release|Any CPU
		{BF1B9847-D57A-4481-8B7F-7EFD53A793B4}.Debug|Any CPU.ActiveCfg = Debug|Any CPU
		{BF1B9847-D57A-4481-8B7F-7EFD53A793B4}.Debug|Any CPU.Build.0 = Debug|Any CPU
		{BF1B9847-D57A-4481-8B7F-7EFD53A793B4}.Release|Any CPU.ActiveCfg = Release|Any CPU
		{BF1B9847-D57A-4481-8B7F-7EFD53A793B4}.Release|Any CPU.Build.0 = Release|Any CPU
		{59DA0D87-577F-4AC1-B5DA-3E35B33B957E}.Debug|Any CPU.ActiveCfg = Debug|Any CPU
		{59DA0D87-577F-4AC1-B5DA-3E35B33B957E}.Debug|Any CPU.Build.0 = Debug|Any CPU
		{59DA0D87-577F-4AC1-B5DA-3E35B33B957E}.Release|Any CPU.ActiveCfg = Release|Any CPU
		{59DA0D87-577F-4AC1-B5DA-3E35B33B957E}.Release|Any CPU.Build.0 = Release|Any CPU
		{CA1BED2E-7736-40D6-855B-7B8065966C25}.Debug|Any CPU.ActiveCfg = Debug|Any CPU
		{CA1BED2E-7736-40D6-855B-7B8065966C25}.Debug|Any CPU.Build.0 = Debug|Any CPU
		{CA1BED2E-7736-40D6-855B-7B8065966C25}.Release|Any CPU.ActiveCfg = Release|Any CPU
		{CA1BED2E-7736-40D6-855B-7B8065966C25}.Release|Any CPU.Build.0 = Release|Any CPU
		{D12ADE0C-85F0-4532-9CAC-8D47C7726613}.Debug|Any CPU.ActiveCfg = Debug|Any CPU
		{D12ADE0C-85F0-4532-9CAC-8D47C7726613}.Debug|Any CPU.Build.0 = Debug|Any CPU
		{D12ADE0C-85F0-4532-9CAC-8D47C7726613}.Release|Any CPU.ActiveCfg = Release|Any CPU
		{D12ADE0C-85F0-4532-9CAC-8D47C7726613}.Release|Any CPU.Build.0 = Release|Any CPU
		{CD30F2FA-0E77-466B-95F7-1FC0B98DFA56}.Debug|Any CPU.ActiveCfg = Debug|Any CPU
		{CD30F2FA-0E77-466B-95F7-1FC0B98DFA56}.Debug|Any CPU.Build.0 = Debug|Any CPU
		{CD30F2FA-0E77-466B-95F7-1FC0B98DFA56}.Release|Any CPU.ActiveCfg = Release|Any CPU
		{CD30F2FA-0E77-466B-95F7-1FC0B98DFA56}.Release|Any CPU.Build.0 = Release|Any CPU
		{DD0F15AA-F964-4F18-87E2-A358FE7A9B69}.Debug|Any CPU.ActiveCfg = Debug|Any CPU
		{DD0F15AA-F964-4F18-87E2-A358FE7A9B69}.Debug|Any CPU.Build.0 = Debug|Any CPU
		{DD0F15AA-F964-4F18-87E2-A358FE7A9B69}.Release|Any CPU.ActiveCfg = Release|Any CPU
		{DD0F15AA-F964-4F18-87E2-A358FE7A9B69}.Release|Any CPU.Build.0 = Release|Any CPU
		{8DDC9EBB-B3C5-41B1-A9DF-6B503808D2C2}.Debug|Any CPU.ActiveCfg = Debug|Any CPU
		{8DDC9EBB-B3C5-41B1-A9DF-6B503808D2C2}.Debug|Any CPU.Build.0 = Debug|Any CPU
		{8DDC9EBB-B3C5-41B1-A9DF-6B503808D2C2}.Release|Any CPU.ActiveCfg = Release|Any CPU
		{8DDC9EBB-B3C5-41B1-A9DF-6B503808D2C2}.Release|Any CPU.Build.0 = Release|Any CPU
		{4C702D2B-058E-4888-8767-283BEB035741}.Debug|Any CPU.ActiveCfg = Debug|Any CPU
		{4C702D2B-058E-4888-8767-283BEB035741}.Debug|Any CPU.Build.0 = Debug|Any CPU
		{4C702D2B-058E-4888-8767-283BEB035741}.Release|Any CPU.ActiveCfg = Release|Any CPU
		{4C702D2B-058E-4888-8767-283BEB035741}.Release|Any CPU.Build.0 = Release|Any CPU
		{FBFEAFAB-1B0F-43AB-ABC5-A88FD7F33F08}.Debug|Any CPU.ActiveCfg = Debug|Any CPU
		{FBFEAFAB-1B0F-43AB-ABC5-A88FD7F33F08}.Debug|Any CPU.Build.0 = Debug|Any CPU
		{FBFEAFAB-1B0F-43AB-ABC5-A88FD7F33F08}.Release|Any CPU.ActiveCfg = Release|Any CPU
		{FBFEAFAB-1B0F-43AB-ABC5-A88FD7F33F08}.Release|Any CPU.Build.0 = Release|Any CPU
		{1FCBE191-34FE-4B2E-8915-CA81553958AD}.Debug|Any CPU.ActiveCfg = Debug|Any CPU
		{1FCBE191-34FE-4B2E-8915-CA81553958AD}.Debug|Any CPU.Build.0 = Debug|Any CPU
		{1FCBE191-34FE-4B2E-8915-CA81553958AD}.Release|Any CPU.ActiveCfg = Release|Any CPU
		{1FCBE191-34FE-4B2E-8915-CA81553958AD}.Release|Any CPU.Build.0 = Release|Any CPU
		{8024E9DA-00B7-45F9-93C0-68182C7C9B6B}.Debug|Any CPU.ActiveCfg = Debug|Any CPU
		{8024E9DA-00B7-45F9-93C0-68182C7C9B6B}.Debug|Any CPU.Build.0 = Debug|Any CPU
		{8024E9DA-00B7-45F9-93C0-68182C7C9B6B}.Release|Any CPU.ActiveCfg = Release|Any CPU
		{8024E9DA-00B7-45F9-93C0-68182C7C9B6B}.Release|Any CPU.Build.0 = Release|Any CPU
		{87FB7595-8B4A-46C9-AA10-0BA47CCCB5B2}.Debug|Any CPU.ActiveCfg = Debug|Any CPU
		{87FB7595-8B4A-46C9-AA10-0BA47CCCB5B2}.Debug|Any CPU.Build.0 = Debug|Any CPU
		{87FB7595-8B4A-46C9-AA10-0BA47CCCB5B2}.Release|Any CPU.ActiveCfg = Release|Any CPU
		{87FB7595-8B4A-46C9-AA10-0BA47CCCB5B2}.Release|Any CPU.Build.0 = Release|Any CPU
		{69E47DA5-FA6C-4F64-B5EF-4A91FD359D56}.Debug|Any CPU.ActiveCfg = Debug|Any CPU
		{69E47DA5-FA6C-4F64-B5EF-4A91FD359D56}.Debug|Any CPU.Build.0 = Debug|Any CPU
		{69E47DA5-FA6C-4F64-B5EF-4A91FD359D56}.Release|Any CPU.ActiveCfg = Release|Any CPU
		{69E47DA5-FA6C-4F64-B5EF-4A91FD359D56}.Release|Any CPU.Build.0 = Release|Any CPU
		{779C7365-BB38-48E2-B9D2-A96864B6766B}.Debug|Any CPU.ActiveCfg = Debug|Any CPU
		{779C7365-BB38-48E2-B9D2-A96864B6766B}.Debug|Any CPU.Build.0 = Debug|Any CPU
		{779C7365-BB38-48E2-B9D2-A96864B6766B}.Release|Any CPU.ActiveCfg = Release|Any CPU
		{779C7365-BB38-48E2-B9D2-A96864B6766B}.Release|Any CPU.Build.0 = Release|Any CPU
		{77013F16-455A-4D14-A133-7BA25AB01AC4}.Debug|Any CPU.ActiveCfg = Debug|Any CPU
		{77013F16-455A-4D14-A133-7BA25AB01AC4}.Debug|Any CPU.Build.0 = Debug|Any CPU
		{77013F16-455A-4D14-A133-7BA25AB01AC4}.Release|Any CPU.ActiveCfg = Release|Any CPU
		{77013F16-455A-4D14-A133-7BA25AB01AC4}.Release|Any CPU.Build.0 = Release|Any CPU
		{FD4A5037-AF6A-4051-AF58-9CADC0D5767E}.Debug|Any CPU.ActiveCfg = Debug|Any CPU
		{FD4A5037-AF6A-4051-AF58-9CADC0D5767E}.Debug|Any CPU.Build.0 = Debug|Any CPU
		{FD4A5037-AF6A-4051-AF58-9CADC0D5767E}.Release|Any CPU.ActiveCfg = Release|Any CPU
		{FD4A5037-AF6A-4051-AF58-9CADC0D5767E}.Release|Any CPU.Build.0 = Release|Any CPU
	EndGlobalSection
	GlobalSection(SolutionProperties) = preSolution
		HideSolutionNode = FALSE
	EndGlobalSection
	GlobalSection(NestedProjects) = preSolution
		{FCE58330-E5C6-4C7A-A31A-BAC57F183AC9} = {CBAF2D29-C961-4430-B55C-E2A0295659E7}
		{364E8139-8CAB-493E-8DFD-81A3D371414E} = {CBAF2D29-C961-4430-B55C-E2A0295659E7}
		{6F92CCFD-E702-4589-92C5-E9C7C728C52D} = {CBAF2D29-C961-4430-B55C-E2A0295659E7}
		{DB90F0F0-95F5-472A-A414-C16933D61E96} = {FCE58330-E5C6-4C7A-A31A-BAC57F183AC9}
		{BF1B9847-D57A-4481-8B7F-7EFD53A793B4} = {23271A9F-5748-4F0A-B690-65A43417D400}
		{59DA0D87-577F-4AC1-B5DA-3E35B33B957E} = {FCE58330-E5C6-4C7A-A31A-BAC57F183AC9}
		{CA1BED2E-7736-40D6-855B-7B8065966C25} = {364E8139-8CAB-493E-8DFD-81A3D371414E}
		{D12ADE0C-85F0-4532-9CAC-8D47C7726613} = {CCA300F5-7660-4F3D-9414-B3D625BE6485}
		{CD30F2FA-0E77-466B-95F7-1FC0B98DFA56} = {364E8139-8CAB-493E-8DFD-81A3D371414E}
		{DD0F15AA-F964-4F18-87E2-A358FE7A9B69} = {364E8139-8CAB-493E-8DFD-81A3D371414E}
		{8DDC9EBB-B3C5-41B1-A9DF-6B503808D2C2} = {6F92CCFD-E702-4589-92C5-E9C7C728C52D}
		{23271A9F-5748-4F0A-B690-65A43417D400} = {CBAF2D29-C961-4430-B55C-E2A0295659E7}
		{4C702D2B-058E-4888-8767-283BEB035741} = {23271A9F-5748-4F0A-B690-65A43417D400}
		{FBFEAFAB-1B0F-43AB-ABC5-A88FD7F33F08} = {CCA300F5-7660-4F3D-9414-B3D625BE6485}
		{8024E9DA-00B7-45F9-93C0-68182C7C9B6B} = {3C860474-B86B-447D-AAF6-0FBA1704FC2E}
		{87FB7595-8B4A-46C9-AA10-0BA47CCCB5B2} = {3C860474-B86B-447D-AAF6-0FBA1704FC2E}
		{CCA300F5-7660-4F3D-9414-B3D625BE6485} = {CBAF2D29-C961-4430-B55C-E2A0295659E7}
		{69E47DA5-FA6C-4F64-B5EF-4A91FD359D56} = {3C860474-B86B-447D-AAF6-0FBA1704FC2E}
		{779C7365-BB38-48E2-B9D2-A96864B6766B} = {364E8139-8CAB-493E-8DFD-81A3D371414E}
		{77013F16-455A-4D14-A133-7BA25AB01AC4} = {6F92CCFD-E702-4589-92C5-E9C7C728C52D}
		{FD4A5037-AF6A-4051-AF58-9CADC0D5767E} = {3C860474-B86B-447D-AAF6-0FBA1704FC2E}
	EndGlobalSection
	GlobalSection(ExtensibilityGlobals) = postSolution
		SolutionGuid = {0DAAD8CB-2BC7-492A-A4D6-B0190130790B}
	EndGlobalSection
EndGlobal
